
Microsoft Visual Studio Solution File, Format Version 12.00
# Visual Studio 15
VisualStudioVersion = 15.0.28307.168
MinimumVisualStudioVersion = 10.0.40219.1
Project("{FAE04EC0-301F-11D3-BF4B-00C04F79EFBC}") = "Beef.exe", "Beef.exe\Beef.exe.csproj", "{C6CBA994-F579-4E62-80CA-532A35AC39F2}"
EndProject
Global
	GlobalSection(SolutionConfigurationPlatforms) = preSolution
		Debug|Any CPU = Debug|Any CPU
		Release|Any CPU = Release|Any CPU
	EndGlobalSection
	GlobalSection(ProjectConfigurationPlatforms) = postSolution
		{C6CBA994-F579-4E62-80CA-532A35AC39F2}.Debug|Any CPU.ActiveCfg = Debug|Any CPU
		{C6CBA994-F579-4E62-80CA-532A35AC39F2}.Debug|Any CPU.Build.0 = Debug|Any CPU
		{C6CBA994-F579-4E62-80CA-532A35AC39F2}.Release|Any CPU.ActiveCfg = Release|Any CPU
		{C6CBA994-F579-4E62-80CA-532A35AC39F2}.Release|Any CPU.Build.0 = Release|Any CPU
	EndGlobalSection
	GlobalSection(SolutionProperties) = preSolution
		HideSolutionNode = FALSE
	EndGlobalSection
	GlobalSection(ExtensibilityGlobals) = postSolution
		SolutionGuid = {233A45D3-1868-407F-98A0-0CCE935C291F}
	EndGlobalSection
EndGlobal
